
Microsoft Visual Studio Solution File, Format Version 12.00
# Visual Studio Version 17
VisualStudioVersion = 17.7.33711.374
MinimumVisualStudioVersion = 10.0.40219.1
Project("{888888A0-9F3D-457C-B088-3A5042F75D52}") = "Calculations_v2", "Calculations_v2.pyproj", "{F88AA36C-A3C6-412A-8630-D2BF402B2504}"
EndProject
Global
	GlobalSection(SolutionConfigurationPlatforms) = preSolution
		Debug|Any CPU = Debug|Any CPU
		Release|Any CPU = Release|Any CPU
	EndGlobalSection
	GlobalSection(ProjectConfigurationPlatforms) = postSolution
		{F88AA36C-A3C6-412A-8630-D2BF402B2504}.Debug|Any CPU.ActiveCfg = Debug|Any CPU
		{F88AA36C-A3C6-412A-8630-D2BF402B2504}.Debug|Any CPU.Build.0 = Debug|Any CPU
		{F88AA36C-A3C6-412A-8630-D2BF402B2504}.Release|Any CPU.ActiveCfg = Release|Any CPU
		{F88AA36C-A3C6-412A-8630-D2BF402B2504}.Release|Any CPU.Build.0 = Release|Any CPU
	EndGlobalSection
	GlobalSection(SolutionProperties) = preSolution
		HideSolutionNode = FALSE
	EndGlobalSection
	GlobalSection(ExtensibilityGlobals) = postSolution
		SolutionGuid = {A441243B-2826-46FE-98F6-FC18F9EE8CE4}
	EndGlobalSection
EndGlobal
